
Microsoft Visual Studio Solution File, Format Version 12.00
# Visual Studio Version 17
VisualStudioVersion = 17.2.32616.157
MinimumVisualStudioVersion = 10.0.40219.1
Project("{FAE04EC0-301F-11D3-BF4B-00C04F79EFBC}") = "ToDoApp.UWP", "ToDoApp\ToDoApp.UWP\ToDoApp.UWP.csproj", "{4C009D41-7B0D-47A7-AA58-EC560703135F}"
EndProject
Project("{FAE04EC0-301F-11D3-BF4B-00C04F79EFBC}") = "ToDoApp.Android", "ToDoApp\ToDoApp.Android\ToDoApp.Android.csproj", "{F4CA69E9-A5BA-4B59-9C02-253E049E52C3}"
EndProject
Project("{FAE04EC0-301F-11D3-BF4B-00C04F79EFBC}") = "ToDoApp.iOS", "ToDoApp\ToDoApp.iOS\ToDoApp.iOS.csproj", "{A3674563-46DE-413C-9FDF-7A8B4C2446AA}"
EndProject
Project("{FAE04EC0-301F-11D3-BF4B-00C04F79EFBC}") = "ToDoApp", "ToDoApp\ToDoApp\ToDoApp.csproj", "{95A4E04F-AE8D-4BEC-B7DE-041415682F55}"
EndProject
Global
	GlobalSection(SolutionConfigurationPlatforms) = preSolution
		Debug|Any CPU = Debug|Any CPU
		Debug|ARM = Debug|ARM
		Debug|iPhone = Debug|iPhone
		Debug|iPhoneSimulator = Debug|iPhoneSimulator
		Debug|x64 = Debug|x64
		Debug|x86 = Debug|x86
		Release|Any CPU = Release|Any CPU
		Release|ARM = Release|ARM
		Release|iPhone = Release|iPhone
		Release|iPhoneSimulator = Release|iPhoneSimulator
		Release|x64 = Release|x64
		Release|x86 = Release|x86
	EndGlobalSection
	GlobalSection(ProjectConfigurationPlatforms) = postSolution
		{4C009D41-7B0D-47A7-AA58-EC560703135F}.Debug|Any CPU.ActiveCfg = Debug|x64
		{4C009D41-7B0D-47A7-AA58-EC560703135F}.Debug|Any CPU.Build.0 = Debug|x64
		{4C009D41-7B0D-47A7-AA58-EC560703135F}.Debug|Any CPU.Deploy.0 = Debug|x64
		{4C009D41-7B0D-47A7-AA58-EC560703135F}.Debug|ARM.ActiveCfg = Debug|ARM
		{4C009D41-7B0D-47A7-AA58-EC560703135F}.Debug|ARM.Build.0 = Debug|ARM
		{4C009D41-7B0D-47A7-AA58-EC560703135F}.Debug|ARM.Deploy.0 = Debug|ARM
		{4C009D41-7B0D-47A7-AA58-EC560703135F}.Debug|iPhone.ActiveCfg = Debug|x64
		{4C009D41-7B0D-47A7-AA58-EC560703135F}.Debug|iPhone.Build.0 = Debug|x64
		{4C009D41-7B0D-47A7-AA58-EC560703135F}.Debug|iPhone.Deploy.0 = Debug|x64
		{4C009D41-7B0D-47A7-AA58-EC560703135F}.Debug|iPhoneSimulator.ActiveCfg = Debug|x64
		{4C009D41-7B0D-47A7-AA58-EC560703135F}.Debug|iPhoneSimulator.Build.0 = Debug|x64
		{4C009D41-7B0D-47A7-AA58-EC560703135F}.Debug|iPhoneSimulator.Deploy.0 = Debug|x64
		{4C009D41-7B0D-47A7-AA58-EC560703135F}.Debug|x64.ActiveCfg = Debug|x64
		{4C009D41-7B0D-47A7-AA58-EC560703135F}.Debug|x64.Build.0 = Debug|x64
		{4C009D41-7B0D-47A7-AA58-EC560703135F}.Debug|x64.Deploy.0 = Debug|x64
		{4C009D41-7B0D-47A7-AA58-EC560703135F}.Debug|x86.ActiveCfg = Debug|x86
		{4C009D41-7B0D-47A7-AA58-EC560703135F}.Debug|x86.Build.0 = Debug|x86
		{4C009D41-7B0D-47A7-AA58-EC560703135F}.Debug|x86.Deploy.0 = Debug|x86
		{4C009D41-7B0D-47A7-AA58-EC560703135F}.Release|Any CPU.ActiveCfg = Release|x64
		{4C009D41-7B0D-47A7-AA58-EC560703135F}.Release|Any CPU.Build.0 = Release|x64
		{4C009D41-7B0D-47A7-AA58-EC560703135F}.Release|Any CPU.Deploy.0 = Release|x64
		{4C009D41-7B0D-47A7-AA58-EC560703135F}.Release|ARM.ActiveCfg = Release|ARM
		{4C009D41-7B0D-47A7-AA58-EC560703135F}.Release|ARM.Build.0 = Release|ARM
		{4C009D41-7B0D-47A7-AA58-EC560703135F}.Release|ARM.Deploy.0 = Release|ARM
		{4C009D41-7B0D-47A7-AA58-EC560703135F}.Release|iPhone.ActiveCfg = Release|x64
		{4C009D41-7B0D-47A7-AA58-EC560703135F}.Release|iPhone.Build.0 = Release|x64
		{4C009D41-7B0D-47A7-AA58-EC560703135F}.Release|iPhone.Deploy.0 = Release|x64
		{4C009D41-7B0D-47A7-AA58-EC560703135F}.Release|iPhoneSimulator.ActiveCfg = Release|x64
		{4C009D41-7B0D-47A7-AA58-EC560703135F}.Release|iPhoneSimulator.Build.0 = Release|x64
		{4C009D41-7B0D-47A7-AA58-EC560703135F}.Release|iPhoneSimulator.Deploy.0 = Release|x64
		{4C009D41-7B0D-47A7-AA58-EC560703135F}.Release|x64.ActiveCfg = Release|x64
		{4C009D41-7B0D-47A7-AA58-EC560703135F}.Release|x64.Build.0 = Release|x64
		{4C009D41-7B0D-47A7-AA58-EC560703135F}.Release|x64.Deploy.0 = Release|x64
		{4C009D41-7B0D-47A7-AA58-EC560703135F}.Release|x86.ActiveCfg = Release|x86
		{4C009D41-7B0D-47A7-AA58-EC560703135F}.Release|x86.Build.0 = Release|x86
		{4C009D41-7B0D-47A7-AA58-EC560703135F}.Release|x86.Deploy.0 = Release|x86
		{F4CA69E9-A5BA-4B59-9C02-253E049E52C3}.Debug|Any CPU.ActiveCfg = Debug|Any CPU
		{F4CA69E9-A5BA-4B59-9C02-253E049E52C3}.Debug|Any CPU.Build.0 = Debug|Any CPU
		{F4CA69E9-A5BA-4B59-9C02-253E049E52C3}.Debug|Any CPU.Deploy.0 = Debug|Any CPU
		{F4CA69E9-A5BA-4B59-9C02-253E049E52C3}.Debug|ARM.ActiveCfg = Debug|Any CPU
		{F4CA69E9-A5BA-4B59-9C02-253E049E52C3}.Debug|ARM.Build.0 = Debug|Any CPU
		{F4CA69E9-A5BA-4B59-9C02-253E049E52C3}.Debug|ARM.Deploy.0 = Debug|Any CPU
		{F4CA69E9-A5BA-4B59-9C02-253E049E52C3}.Debug|iPhone.ActiveCfg = Debug|Any CPU
		{F4CA69E9-A5BA-4B59-9C02-253E049E52C3}.Debug|iPhone.Build.0 = Debug|Any CPU
		{F4CA69E9-A5BA-4B59-9C02-253E049E52C3}.Debug|iPhone.Deploy.0 = Debug|Any CPU
		{F4CA69E9-A5BA-4B59-9C02-253E049E52C3}.Debug|iPhoneSimulator.ActiveCfg = Debug|Any CPU
		{F4CA69E9-A5BA-4B59-9C02-253E049E52C3}.Debug|iPhoneSimulator.Build.0 = Debug|Any CPU
		{F4CA69E9-A5BA-4B59-9C02-253E049E52C3}.Debug|iPhoneSimulator.Deploy.0 = Debug|Any CPU
		{F4CA69E9-A5BA-4B59-9C02-253E049E52C3}.Debug|x64.ActiveCfg = Debug|Any CPU
		{F4CA69E9-A5BA-4B59-9C02-253E049E52C3}.Debug|x64.Build.0 = Debug|Any CPU
		{F4CA69E9-A5BA-4B59-9C02-253E049E52C3}.Debug|x64.Deploy.0 = Debug|Any CPU
		{F4CA69E9-A5BA-4B59-9C02-253E049E52C3}.Debug|x86.ActiveCfg = Debug|Any CPU
		{F4CA69E9-A5BA-4B59-9C02-253E049E52C3}.Debug|x86.Build.0 = Debug|Any CPU
		{F4CA69E9-A5BA-4B59-9C02-253E049E52C3}.Debug|x86.Deploy.0 = Debug|Any CPU
		{F4CA69E9-A5BA-4B59-9C02-253E049E52C3}.Release|Any CPU.ActiveCfg = Release|Any CPU
		{F4CA69E9-A5BA-4B59-9C02-253E049E52C3}.Release|Any CPU.Build.0 = Release|Any CPU
		{F4CA69E9-A5BA-4B59-9C02-253E049E52C3}.Release|Any CPU.Deploy.0 = Release|Any CPU
		{F4CA69E9-A5BA-4B59-9C02-253E049E52C3}.Release|ARM.ActiveCfg = Release|Any CPU
		{F4CA69E9-A5BA-4B59-9C02-253E049E52C3}.Release|ARM.Build.0 = Release|Any CPU
		{F4CA69E9-A5BA-4B59-9C02-253E049E52C3}.Release|ARM.Deploy.0 = Release|Any CPU
		{F4CA69E9-A5BA-4B59-9C02-253E049E52C3}.Release|iPhone.ActiveCfg = Release|Any CPU
		{F4CA69E9-A5BA-4B59-9C02-253E049E52C3}.Release|iPhone.Build.0 = Release|Any CPU
		{F4CA69E9-A5BA-4B59-9C02-253E049E52C3}.Release|iPhone.Deploy.0 = Release|Any CPU
		{F4CA69E9-A5BA-4B59-9C02-253E049E52C3}.Release|iPhoneSimulator.ActiveCfg = Release|Any CPU
		{F4CA69E9-A5BA-4B59-9C02-253E049E52C3}.Release|iPhoneSimulator.Build.0 = Release|Any CPU
		{F4CA69E9-A5BA-4B59-9C02-253E049E52C3}.Release|iPhoneSimulator.Deploy.0 = Release|Any CPU
		{F4CA69E9-A5BA-4B59-9C02-253E049E52C3}.Release|x64.ActiveCfg = Release|Any CPU
		{F4CA69E9-A5BA-4B59-9C02-253E049E52C3}.Release|x64.Build.0 = Release|Any CPU
		{F4CA69E9-A5BA-4B59-9C02-253E049E52C3}.Release|x64.Deploy.0 = Release|Any CPU
		{F4CA69E9-A5BA-4B59-9C02-253E049E52C3}.Release|x86.ActiveCfg = Release|Any CPU
		{F4CA69E9-A5BA-4B59-9C02-253E049E52C3}.Release|x86.Build.0 = Release|Any CPU
		{F4CA69E9-A5BA-4B59-9C02-253E049E52C3}.Release|x86.Deploy.0 = Release|Any CPU
		{A3674563-46DE-413C-9FDF-7A8B4C2446AA}.Debug|Any CPU.ActiveCfg = Debug|iPhoneSimulator
		{A3674563-46DE-413C-9FDF-7A8B4C2446AA}.Debug|Any CPU.Build.0 = Debug|iPhoneSimulator
		{A3674563-46DE-413C-9FDF-7A8B4C2446AA}.Debug|Any CPU.Deploy.0 = Debug|iPhoneSimulator
		{A3674563-46DE-413C-9FDF-7A8B4C2446AA}.Debug|ARM.ActiveCfg = Debug|iPhoneSimulator
		{A3674563-46DE-413C-9FDF-7A8B4C2446AA}.Debug|ARM.Build.0 = Debug|iPhoneSimulator
		{A3674563-46DE-413C-9FDF-7A8B4C2446AA}.Debug|ARM.Deploy.0 = Debug|iPhoneSimulator
		{A3674563-46DE-413C-9FDF-7A8B4C2446AA}.Debug|iPhone.ActiveCfg = Debug|iPhone
		{A3674563-46DE-413C-9FDF-7A8B4C2446AA}.Debug|iPhone.Build.0 = Debug|iPhone
		{A3674563-46DE-413C-9FDF-7A8B4C2446AA}.Debug|iPhone.Deploy.0 = Debug|iPhone
		{A3674563-46DE-413C-9FDF-7A8B4C2446AA}.Debug|iPhoneSimulator.ActiveCfg = Debug|iPhoneSimulator
		{A3674563-46DE-413C-9FDF-7A8B4C2446AA}.Debug|iPhoneSimulator.Build.0 = Debug|iPhoneSimulator
		{A3674563-46DE-413C-9FDF-7A8B4C2446AA}.Debug|iPhoneSimulator.Deploy.0 = Debug|iPhoneSimulator
		{A3674563-46DE-413C-9FDF-7A8B4C2446AA}.Debug|x64.ActiveCfg = Debug|iPhone
		{A3674563-46DE-413C-9FDF-7A8B4C2446AA}.Debug|x64.Build.0 = Debug|iPhone
		{A3674563-46DE-413C-9FDF-7A8B4C2446AA}.Debug|x64.Deploy.0 = Debug|iPhone
		{A3674563-46DE-413C-9FDF-7A8B4C2446AA}.Debug|x86.ActiveCfg = Debug|iPhoneSimulator
		{A3674563-46DE-413C-9FDF-7A8B4C2446AA}.Debug|x86.Build.0 = Debug|iPhoneSimulator
		{A3674563-46DE-413C-9FDF-7A8B4C2446AA}.Debug|x86.Deploy.0 = Debug|iPhoneSimulator
		{A3674563-46DE-413C-9FDF-7A8B4C2446AA}.Release|Any CPU.ActiveCfg = Release|iPhoneSimulator
		{A3674563-46DE-413C-9FDF-7A8B4C2446AA}.Release|Any CPU.Build.0 = Release|iPhoneSimulator
		{A3674563-46DE-413C-9FDF-7A8B4C2446AA}.Release|Any CPU.Deploy.0 = Release|iPhoneSimulator
		{A3674563-46DE-413C-9FDF-7A8B4C2446AA}.Release|ARM.ActiveCfg = Release|iPhoneSimulator
		{A3674563-46DE-413C-9FDF-7A8B4C2446AA}.Release|ARM.Build.0 = Release|iPhoneSimulator
		{A3674563-46DE-413C-9FDF-7A8B4C2446AA}.Release|ARM.Deploy.0 = Release|iPhoneSimulator
		{A3674563-46DE-413C-9FDF-7A8B4C2446AA}.Release|iPhone.ActiveCfg = Release|iPhone
		{A3674563-46DE-413C-9FDF-7A8B4C2446AA}.Release|iPhone.Build.0 = Release|iPhone
		{A3674563-46DE-413C-9FDF-7A8B4C2446AA}.Release|iPhone.Deploy.0 = Release|iPhone
		{A3674563-46DE-413C-9FDF-7A8B4C2446AA}.Release|iPhoneSimulator.ActiveCfg = Release|iPhoneSimulator
		{A3674563-46DE-413C-9FDF-7A8B4C2446AA}.Release|iPhoneSimulator.Build.0 = Release|iPhoneSimulator
		{A3674563-46DE-413C-9FDF-7A8B4C2446AA}.Release|iPhoneSimulator.Deploy.0 = Release|iPhoneSimulator
		{A3674563-46DE-413C-9FDF-7A8B4C2446AA}.Release|x64.ActiveCfg = Release|iPhoneSimulator
		{A3674563-46DE-413C-9FDF-7A8B4C2446AA}.Release|x64.Build.0 = Release|iPhoneSimulator
		{A3674563-46DE-413C-9FDF-7A8B4C2446AA}.Release|x64.Deploy.0 = Release|iPhoneSimulator
		{A3674563-46DE-413C-9FDF-7A8B4C2446AA}.Release|x86.ActiveCfg = Release|iPhoneSimulator
		{A3674563-46DE-413C-9FDF-7A8B4C2446AA}.Release|x86.Build.0 = Release|iPhoneSimulator
		{A3674563-46DE-413C-9FDF-7A8B4C2446AA}.Release|x86.Deploy.0 = Release|iPhoneSimulator
		{95A4E04F-AE8D-4BEC-B7DE-041415682F55}.Debug|Any CPU.ActiveCfg = Debug|Any CPU
		{95A4E04F-AE8D-4BEC-B7DE-041415682F55}.Debug|Any CPU.Build.0 = Debug|Any CPU
		{95A4E04F-AE8D-4BEC-B7DE-041415682F55}.Debug|Any CPU.Deploy.0 = Debug|Any CPU
		{95A4E04F-AE8D-4BEC-B7DE-041415682F55}.Debug|ARM.ActiveCfg = Debug|Any CPU
		{95A4E04F-AE8D-4BEC-B7DE-041415682F55}.Debug|ARM.Build.0 = Debug|Any CPU
		{95A4E04F-AE8D-4BEC-B7DE-041415682F55}.Debug|ARM.Deploy.0 = Debug|Any CPU
		{95A4E04F-AE8D-4BEC-B7DE-041415682F55}.Debug|iPhone.ActiveCfg = Debug|Any CPU
		{95A4E04F-AE8D-4BEC-B7DE-041415682F55}.Debug|iPhone.Build.0 = Debug|Any CPU
		{95A4E04F-AE8D-4BEC-B7DE-041415682F55}.Debug|iPhone.Deploy.0 = Debug|Any CPU
		{95A4E04F-AE8D-4BEC-B7DE-041415682F55}.Debug|iPhoneSimulator.ActiveCfg = Debug|Any CPU
		{95A4E04F-AE8D-4BEC-B7DE-041415682F55}.Debug|iPhoneSimulator.Build.0 = Debug|Any CPU
		{95A4E04F-AE8D-4BEC-B7DE-041415682F55}.Debug|iPhoneSimulator.Deploy.0 = Debug|Any CPU
		{95A4E04F-AE8D-4BEC-B7DE-041415682F55}.Debug|x64.ActiveCfg = Debug|Any CPU
		{95A4E04F-AE8D-4BEC-B7DE-041415682F55}.Debug|x64.Build.0 = Debug|Any CPU
		{95A4E04F-AE8D-4BEC-B7DE-041415682F55}.Debug|x64.Deploy.0 = Debug|Any CPU
		{95A4E04F-AE8D-4BEC-B7DE-041415682F55}.Debug|x86.ActiveCfg = Debug|Any CPU
		{95A4E04F-AE8D-4BEC-B7DE-041415682F55}.Debug|x86.Build.0 = Debug|Any CPU
		{95A4E04F-AE8D-4BEC-B7DE-041415682F55}.Debug|x86.Deploy.0 = Debug|Any CPU
		{95A4E04F-AE8D-4BEC-B7DE-041415682F55}.Release|Any CPU.ActiveCfg = Release|Any CPU
		{95A4E04F-AE8D-4BEC-B7DE-041415682F55}.Release|Any CPU.Build.0 = Release|Any CPU
		{95A4E04F-AE8D-4BEC-B7DE-041415682F55}.Release|Any CPU.Deploy.0 = Release|Any CPU
		{95A4E04F-AE8D-4BEC-B7DE-041415682F55}.Release|ARM.ActiveCfg = Release|Any CPU
		{95A4E04F-AE8D-4BEC-B7DE-041415682F55}.Release|ARM.Build.0 = Release|Any CPU
		{95A4E04F-AE8D-4BEC-B7DE-041415682F55}.Release|ARM.Deploy.0 = Release|Any CPU
		{95A4E04F-AE8D-4BEC-B7DE-041415682F55}.Release|iPhone.ActiveCfg = Release|Any CPU
		{95A4E04F-AE8D-4BEC-B7DE-041415682F55}.Release|iPhone.Build.0 = Release|Any CPU
		{95A4E04F-AE8D-4BEC-B7DE-041415682F55}.Release|iPhone.Deploy.0 = Release|Any CPU
		{95A4E04F-AE8D-4BEC-B7DE-041415682F55}.Release|iPhoneSimulator.ActiveCfg = Release|Any CPU
		{95A4E04F-AE8D-4BEC-B7DE-041415682F55}.Release|iPhoneSimulator.Build.0 = Release|Any CPU
		{95A4E04F-AE8D-4BEC-B7DE-041415682F55}.Release|iPhoneSimulator.Deploy.0 = Release|Any CPU
		{95A4E04F-AE8D-4BEC-B7DE-041415682F55}.Release|x64.ActiveCfg = Release|Any CPU
		{95A4E04F-AE8D-4BEC-B7DE-041415682F55}.Release|x64.Build.0 = Release|Any CPU
		{95A4E04F-AE8D-4BEC-B7DE-041415682F55}.Release|x64.Deploy.0 = Release|Any CPU
		{95A4E04F-AE8D-4BEC-B7DE-041415682F55}.Release|x86.ActiveCfg = Release|Any CPU
		{95A4E04F-AE8D-4BEC-B7DE-041415682F55}.Release|x86.Build.0 = Release|Any CPU
		{95A4E04F-AE8D-4BEC-B7DE-041415682F55}.Release|x86.Deploy.0 = Release|Any CPU
	EndGlobalSection
	GlobalSection(SolutionProperties) = preSolution
		HideSolutionNode = FALSE
	EndGlobalSection
	GlobalSection(ExtensibilityGlobals) = postSolution
		SolutionGuid = {484D1759-6F7E-4A90-BC9D-30B2CD60A763}
	EndGlobalSection
EndGlobal
